
Microsoft Visual Studio Solution File, Format Version 10.00
# Visual Studio 2008
Project("{FAE04EC0-301F-11D3-BF4B-00C04F79EFBC}") = "Servidor", "Servidor\Servidor.csproj", "{CA999001-317A-4499-9045-3F87E7841C2E}"
EndProject
Global
	GlobalSection(SolutionConfigurationPlatforms) = preSolution
		Debug|Any CPU = Debug|Any CPU
		Release|Any CPU = Release|Any CPU
	EndGlobalSection
	GlobalSection(ProjectConfigurationPlatforms) = postSolution
		{CA999001-317A-4499-9045-3F87E7841C2E}.Debug|Any CPU.ActiveCfg = Debug|Any CPU
		{CA999001-317A-4499-9045-3F87E7841C2E}.Debug|Any CPU.Build.0 = Debug|Any CPU
		{CA999001-317A-4499-9045-3F87E7841C2E}.Release|Any CPU.ActiveCfg = Release|Any CPU
		{CA999001-317A-4499-9045-3F87E7841C2E}.Release|Any CPU.Build.0 = Release|Any CPU
	EndGlobalSection
	GlobalSection(SolutionProperties) = preSolution
		HideSolutionNode = FALSE
	EndGlobalSection
EndGlobal
